PODS:
  - MultiSelectSegmentedControl (2.3.3):
    - SweeterSwift
  - SweeterSwift (1.1.3)

DEPENDENCIES:
  - MultiSelectSegmentedControl

SPEC REPOS:
  trunk:
    - MultiSelectSegmentedControl
    - SweeterSwift

SPEC CHECKSUMS:
  MultiSelectSegmentedControl: 170794791657e12ee5ff5c09dae5f6af1976746d
  SweeterSwift: d909211f6833405628c8c7c6bf9f8f2e8a0e9df9

PODFILE CHECKSUM: 0d82a9ead0f9cc29d214674c5734f9b1da6f3afb

COCOAPODS: 1.9.3
